PODS:
  - Bugly (2.6.1)
  - Flutter (1.0.0)

DEPENDENCIES:
  - Bugly
  - Flutter (from `Flutter`)

SPEC REPOS:
  trunk:
    - Bugly

EXTERNAL SOURCES:
  Flutter:
    :path: Flutter

SPEC CHECKSUMS:
  Bugly: 217ac2ce5f0f2626d43dbaa4f70764c953a26a31
  Flutter: cabc95a1d2626b1b06e7179b784ebcf0c0cde467

PODFILE CHECKSUM: c68699f3895cc9dc4738a38acdb80f99520fb480

COCOAPODS: 1.17.0
